// !$*UTF8*$!
{
	archiveVersion = 1;
	classes = {
	};
	objectVersion = 55;
	objects = {

/* Begin PBXBuildFile section */
		2409950D2836234F004C0E16 /* Core.docc in Sources */ = {isa = PBXBuildFile; fileRef = 2409950C2836234F004C0E16 /* Core.docc */; };
		240995132836234F004C0E16 /* Core.framework in Frameworks */ = {isa = PBXBuildFile; fileRef = 240995082836234F004C0E16 /* Core.framework */; };
		240995182836234F004C0E16 /* CoreTests.swift in Sources */ = {isa = PBXBuildFile; fileRef = 240995172836234F004C0E16 /* CoreTests.swift */; };
		240995192836234F004C0E16 /* Core.h in Headers */ = {isa = PBXBuildFile; fileRef = 2409950B2836234F004C0E16 /* Core.h */; settings = {ATTRIBUTES = (Public, ); }; };
		2409956D283632A5004C0E16 /* Repository.swift in Sources */ = {isa = PBXBuildFile; fileRef = 2409956C283632A5004C0E16 /* Repository.swift */; };
		2409956F2836337C004C0E16 /* DataSource.swift in Sources */ = {isa = PBXBuildFile; fileRef = 2409956E2836337C004C0E16 /* DataSource.swift */; };
		24099571283633EC004C0E16 /* LocaleDataSource.swift in Sources */ = {isa = PBXBuildFile; fileRef = 24099570283633EC004C0E16 /* LocaleDataSource.swift */; };
		240995732836343B004C0E16 /* UseCase.swift in Sources */ = {isa = PBXBuildFile; fileRef = 240995722836343B004C0E16 /* UseCase.swift */; };
		2409957528363478004C0E16 /* Interactor.swift in Sources */ = {isa = PBXBuildFile; fileRef = 2409957428363478004C0E16 /* Interactor.swift */; };
		240995782836351C004C0E16 /* GetListPresenter.swift in Sources */ = {isa = PBXBuildFile; fileRef = 240995772836351C004C0E16 /* GetListPresenter.swift */; };
		2409957A2836374F004C0E16 /* Mapper.swift in Sources */ = {isa = PBXBuildFile; fileRef = 240995792836374F004C0E16 /* Mapper.swift */; };
		2409957C28363786004C0E16 /* Error+Extensions.swift in Sources */ = {isa = PBXBuildFile; fileRef = 2409957B28363786004C0E16 /* Error+Extensions.swift */; };
		24099580283637D3004C0E16 /* Results+Extensions.swift in Sources */ = {isa = PBXBuildFile; fileRef = 2409957F283637D3004C0E16 /* Results+Extensions.swift */; };
		761DB36D75EFE5776CF8BD82 /* Pods_Core.framework in Frameworks */ = {isa = PBXBuildFile; fileRef = 5E3D86F9E66DAC3660E65E8A /* Pods_Core.framework */; };
		9CCB5EDA88ECC0BDDB4E0345 /* Pods_Core_CoreTests.framework in Frameworks */ = {isa = PBXBuildFile; fileRef = C5856E374AE481A546A2289B /* Pods_Core_CoreTests.framework */; };
/* End PBXBuildFile section */

/* Begin PBXContainerItemProxy section */
		240995142836234F004C0E16 /* PBXContainerItemProxy */ = {
			isa = PBXContainerItemProxy;
			containerPortal = 240994FF2836234F004C0E16 /* Project object */;
			proxyType = 1;
			remoteGlobalIDString = 240995072836234F004C0E16;
			remoteInfo = Core;
		};
/* End PBXContainerItemProxy section */

/* Begin PBXFileReference section */
		240995082836234F004C0E16 /* Core.framework */ = {isa = PBXFileReference; explicitFileType = wrapper.framework; includeInIndex = 0; path = Core.framework; sourceTree = BUILT_PRODUCTS_DIR; };
		2409950B2836234F004C0E16 /* Core.h */ = {isa = PBXFileReference; lastKnownFileType = sourcecode.c.h; path = Core.h; sourceTree = "<group>"; };
		2409950C2836234F004C0E16 /* Core.docc */ = {isa = PBXFileReference; lastKnownFileType = folder.documentationcatalog; path = Core.docc; sourceTree = "<group>"; };
		240995122836234F004C0E16 /* CoreTests.xctest */ = {isa = PBXFileReference; explicitFileType = wrapper.cfbundle; includeInIndex = 0; path = CoreTests.xctest; sourceTree = BUILT_PRODUCTS_DIR; };
		240995172836234F004C0E16 /* CoreTests.swift */ = {isa = PBXFileReference; lastKnownFileType = sourcecode.swift; path = CoreTests.swift; sourceTree = "<group>"; };
		2409956C283632A5004C0E16 /* Repository.swift */ = {isa = PBXFileReference; lastKnownFileType = sourcecode.swift; path = Repository.swift; sourceTree = "<group>"; };
		2409956E2836337C004C0E16 /* DataSource.swift */ = {isa = PBXFileReference; lastKnownFileType = sourcecode.swift; path = DataSource.swift; sourceTree = "<group>"; };
		24099570283633EC004C0E16 /* LocaleDataSource.swift */ = {isa = PBXFileReference; lastKnownFileType = sourcecode.swift; path = LocaleDataSource.swift; sourceTree = "<group>"; };
		240995722836343B004C0E16 /* UseCase.swift */ = {isa = PBXFileReference; lastKnownFileType = sourcecode.swift; path = UseCase.swift; sourceTree = "<group>"; };
		2409957428363478004C0E16 /* Interactor.swift */ = {isa = PBXFileReference; lastKnownFileType = sourcecode.swift; path = Interactor.swift; sourceTree = "<group>"; };
		240995772836351C004C0E16 /* GetListPresenter.swift */ = {isa = PBXFileReference; lastKnownFileType = sourcecode.swift; path = GetListPresenter.swift; sourceTree = "<group>"; };
		240995792836374F004C0E16 /* Mapper.swift */ = {isa = PBXFileReference; lastKnownFileType = sourcecode.swift; path = Mapper.swift; sourceTree = "<group>"; };
		2409957B28363786004C0E16 /* Error+Extensions.swift */ = {isa = PBXFileReference; fileEncoding = 4; lastKnownFileType = sourcecode.swift; path = "Error+Extensions.swift"; sourceTree = "<group>"; };
		2409957F283637D3004C0E16 /* Results+Extensions.swift */ = {isa = PBXFileReference; lastKnownFileType = sourcecode.swift; path = "Results+Extensions.swift"; sourceTree = "<group>"; };
		5E3D86F9E66DAC3660E65E8A /* Pods_Core.framework */ = {isa = PBXFileReference; explicitFileType = wrapper.framework; includeInIndex = 0; path = Pods_Core.framework; sourceTree = BUILT_PRODUCTS_DIR; };
		8D7113F6C75736F893C3A3F5 /* Pods-Core.release.xcconfig */ = {isa = PBXFileReference; includeInIndex = 1; lastKnownFileType = text.xcconfig; name = "Pods-Core.release.xcconfig"; path = "Target Support Files/Pods-Core/Pods-Core.release.xcconfig"; sourceTree = "<group>"; };
		B44E0CD6028695935ADB4C73 /* Pods-Core-CoreTests.debug.xcconfig */ = {isa = PBXFileReference; includeInIndex = 1; lastKnownFileType = text.xcconfig; name = "Pods-Core-CoreTests.debug.xcconfig"; path = "Target Support Files/Pods-Core-CoreTests/Pods-Core-CoreTests.debug.xcconfig"; sourceTree = "<group>"; };
		BF09A3F1E765D2A43DF496F7 /* Pods-Core.debug.xcconfig */ = {isa = PBXFileReference; includeInIndex = 1; lastKnownFileType = text.xcconfig; name = "Pods-Core.debug.xcconfig"; path = "Target Support Files/Pods-Core/Pods-Core.debug.xcconfig"; sourceTree = "<group>"; };
		C5856E374AE481A546A2289B /* Pods_Core_CoreTests.framework */ = {isa = PBXFileReference; explicitFileType = wrapper.framework; includeInIndex = 0; path = Pods_Core_CoreTests.framework; sourceTree = BUILT_PRODUCTS_DIR; };
		F1DB2F2B19E3FC219C73794B /* Pods-Core-CoreTests.release.xcconfig */ = {isa = PBXFileReference; includeInIndex = 1; lastKnownFileType = text.xcconfig; name = "Pods-Core-CoreTests.release.xcconfig"; path = "Target Support Files/Pods-Core-CoreTests/Pods-Core-CoreTests.release.xcconfig"; sourceTree = "<group>"; };
/* End PBXFileReference section */

/* Begin PBXFrameworksBuildPhase section */
		240995052836234F004C0E16 /* Frameworks */ = {
			isa = PBXFrameworksBuildPhase;
			buildActionMask = 2147483647;
			files = (
				761DB36D75EFE5776CF8BD82 /* Pods_Core.framework in Frameworks */,
			);
			runOnlyForDeploymentPostprocessing = 0;
		};
		2409950F2836234F004C0E16 /* Frameworks */ = {
			isa = PBXFrameworksBuildPhase;
			buildActionMask = 2147483647;
			files = (
				240995132836234F004C0E16 /* Core.framework in Frameworks */,
				9CCB5EDA88ECC0BDDB4E0345 /* Pods_Core_CoreTests.framework in Frameworks */,
			);
			runOnlyForDeploymentPostprocessing = 0;
		};
/* End PBXFrameworksBuildPhase section */

/* Begin PBXGroup section */
		240994FE2836234F004C0E16 = {
			isa = PBXGroup;
			children = (
				2409950A2836234F004C0E16 /* Core */,
				240995162836234F004C0E16 /* CoreTests */,
				240995092836234F004C0E16 /* Products */,
				B62A3C7B6C81A2FFA20EC8D3 /* Pods */,
				98EA7B994BF83BA29704A756 /* Frameworks */,
			);
			sourceTree = "<group>";
		};
		240995092836234F004C0E16 /* Products */ = {
			isa = PBXGroup;
			children = (
				240995082836234F004C0E16 /* Core.framework */,
				240995122836234F004C0E16 /* CoreTests.xctest */,
			);
			name = Products;
			sourceTree = "<group>";
		};
		2409950A2836234F004C0E16 /* Core */ = {
			isa = PBXGroup;
			children = (
				2409957E283637B9004C0E16 /* Mapper */,
				2409957D283637AB004C0E16 /* Extension */,
				2409957628363503004C0E16 /* Presenter */,
				2409956B2836323E004C0E16 /* Domain */,
				2409956A28363230004C0E16 /* Data */,
				2409950B2836234F004C0E16 /* Core.h */,
				2409950C2836234F004C0E16 /* Core.docc */,
			);
			path = Core;
			sourceTree = "<group>";
		};
		240995162836234F004C0E16 /* CoreTests */ = {
			isa = PBXGroup;
			children = (
				240995172836234F004C0E16 /* CoreTests.swift */,
			);
			path = CoreTests;
			sourceTree = "<group>";
		};
		2409956A28363230004C0E16 /* Data */ = {
			isa = PBXGroup;
			children = (
				2409956C283632A5004C0E16 /* Repository.swift */,
				2409956E2836337C004C0E16 /* DataSource.swift */,
				24099570283633EC004C0E16 /* LocaleDataSource.swift */,
			);
			path = Data;
			sourceTree = "<group>";
		};
		2409956B2836323E004C0E16 /* Domain */ = {
			isa = PBXGroup;
			children = (
				240995722836343B004C0E16 /* UseCase.swift */,
				2409957428363478004C0E16 /* Interactor.swift */,
			);
			path = Domain;
			sourceTree = "<group>";
		};
		2409957628363503004C0E16 /* Presenter */ = {
			isa = PBXGroup;
			children = (
				240995772836351C004C0E16 /* GetListPresenter.swift */,
			);
			path = Presenter;
			sourceTree = "<group>";
		};
		2409957D283637AB004C0E16 /* Extension */ = {
			isa = PBXGroup;
			children = (
				2409957B28363786004C0E16 /* Error+Extensions.swift */,
				2409957F283637D3004C0E16 /* Results+Extensions.swift */,
			);
			path = Extension;
			sourceTree = "<group>";
		};
		2409957E283637B9004C0E16 /* Mapper */ = {
			isa = PBXGroup;
			children = (
				240995792836374F004C0E16 /* Mapper.swift */,
			);
			path = Mapper;
			sourceTree = "<group>";
		};
		98EA7B994BF83BA29704A756 /* Frameworks */ = {
			isa = PBXGroup;
			children = (
				5E3D86F9E66DAC3660E65E8A /* Pods_Core.framework */,
				C5856E374AE481A546A2289B /* Pods_Core_CoreTests.framework */,
			);
			name = Frameworks;
			sourceTree = "<group>";
		};
		B62A3C7B6C81A2FFA20EC8D3 /* Pods */ = {
			isa = PBXGroup;
			children = (
				BF09A3F1E765D2A43DF496F7 /* Pods-Core.debug.xcconfig */,
				8D7113F6C75736F893C3A3F5 /* Pods-Core.release.xcconfig */,
				B44E0CD6028695935ADB4C73 /* Pods-Core-CoreTests.debug.xcconfig */,
				F1DB2F2B19E3FC219C73794B /* Pods-Core-CoreTests.release.xcconfig */,
			);
			path = Pods;
			sourceTree = "<group>";
		};
/* End PBXGroup section */

/* Begin PBXHeadersBuildPhase section */
		240995032836234F004C0E16 /* Headers */ = {
			isa = PBXHeadersBuildPhase;
			buildActionMask = 2147483647;
			files = (
				240995192836234F004C0E16 /* Core.h in Headers */,
			);
			runOnlyForDeploymentPostprocessing = 0;
		};
/* End PBXHeadersBuildPhase section */

/* Begin PBXNativeTarget section */
		240995072836234F004C0E16 /* Core */ = {
			isa = PBXNativeTarget;
			buildConfigurationList = 2409951C2836234F004C0E16 /* Build configuration list for PBXNativeTarget "Core" */;
			buildPhases = (
				A96DAA34DD602184A6D735E8 /* [CP] Check Pods Manifest.lock */,
				240995032836234F004C0E16 /* Headers */,
				240995042836234F004C0E16 /* Sources */,
				240995052836234F004C0E16 /* Frameworks */,
				240995062836234F004C0E16 /* Resources */,
			);
			buildRules = (
			);
			dependencies = (
			);
			name = Core;
			productName = Core;
			productReference = 240995082836234F004C0E16 /* Core.framework */;
			productType = "com.apple.product-type.framework";
		};
		240995112836234F004C0E16 /* CoreTests */ = {
			isa = PBXNativeTarget;
			buildConfigurationList = 2409951F2836234F004C0E16 /* Build configuration list for PBXNativeTarget "CoreTests" */;
			buildPhases = (
				5ECE80915CC2E95A6789F4D1 /* [CP] Check Pods Manifest.lock */,
				2409950E2836234F004C0E16 /* Sources */,
				2409950F2836234F004C0E16 /* Frameworks */,
				240995102836234F004C0E16 /* Resources */,
				FDB73B3A73A7BC0573D94131 /* [CP] Embed Pods Frameworks */,
			);
			buildRules = (
			);
			dependencies = (
				240995152836234F004C0E16 /* PBXTargetDependency */,
			);
			name = CoreTests;
			productName = CoreTests;
			productReference = 240995122836234F004C0E16 /* CoreTests.xctest */;
			productType = "com.apple.product-type.bundle.unit-test";
		};
/* End PBXNativeTarget section */

/* Begin PBXProject section */
		240994FF2836234F004C0E16 /* Project object */ = {
			isa = PBXProject;
			attributes = {
				BuildIndependentTargetsInParallel = 1;
				LastSwiftUpdateCheck = 1330;
				LastUpgradeCheck = 1330;
				TargetAttributes = {
					240995072836234F004C0E16 = {
						CreatedOnToolsVersion = 13.3.1;
					};
					240995112836234F004C0E16 = {
						CreatedOnToolsVersion = 13.3.1;
					};
				};
			};
			buildConfigurationList = 240995022836234F004C0E16 /* Build configuration list for PBXProject "Core" */;
			compatibilityVersion = "Xcode 13.0";
			developmentRegion = en;
			hasScannedForEncodings = 0;
			knownRegions = (
				en,
				Base,
			);
			mainGroup = 240994FE2836234F004C0E16;
			productRefGroup = 240995092836234F004C0E16 /* Products */;
			projectDirPath = "";
			projectRoot = "";
			targets = (
				240995072836234F004C0E16 /* Core */,
				240995112836234F004C0E16 /* CoreTests */,
			);
		};
/* End PBXProject section */

/* Begin PBXResourcesBuildPhase section */
		240995062836234F004C0E16 /* Resources */ = {
			isa = PBXResourcesBuildPhase;
			buildActionMask = 2147483647;
			files = (
			);
			runOnlyForDeploymentPostprocessing = 0;
		};
		240995102836234F004C0E16 /* Resources */ = {
			isa = PBXResourcesBuildPhase;
			buildActionMask = 2147483647;
			files = (
			);
			runOnlyForDeploymentPostprocessing = 0;
		};
/* End PBXResourcesBuildPhase section */

/* Begin PBXShellScriptBuildPhase section */
		5ECE80915CC2E95A6789F4D1 /* [CP] Check Pods Manifest.lock */ = {
			isa = PBXShellScriptBuildPhase;
			buildActionMask = 2147483647;
			files = (
			);
			inputFileListPaths = (
			);
			inputPaths = (
				"${PODS_PODFILE_DIR_PATH}/Podfile.lock",
				"${PODS_ROOT}/Manifest.lock",
			);
			name = "[CP] Check Pods Manifest.lock";
			outputFileListPaths = (
			);
			outputPaths = (
				"$(DERIVED_FILE_DIR)/Pods-Core-CoreTests-checkManifestLockResult.txt",
			);
			runOnlyForDeploymentPostprocessing = 0;
			shellPath = /bin/sh;
			shellScript = "diff \"${PODS_PODFILE_DIR_PATH}/Podfile.lock\" \"${PODS_ROOT}/Manifest.lock\" > /dev/null\nif [ $? != 0 ] ; then\n    # print error to STDERR\n    echo \"error: The sandbox is not in sync with the Podfile.lock. Run 'pod install' or update your CocoaPods installation.\" >&2\n    exit 1\nfi\n# This output is used by Xcode 'outputs' to avoid re-running this script phase.\necho \"SUCCESS\" > \"${SCRIPT_OUTPUT_FILE_0}\"\n";
			showEnvVarsInLog = 0;
		};
		A96DAA34DD602184A6D735E8 /* [CP] Check Pods Manifest.lock */ = {
			isa = PBXShellScriptBuildPhase;
			buildActionMask = 2147483647;
			files = (
			);
			inputFileListPaths = (
			);
			inputPaths = (
				"${PODS_PODFILE_DIR_PATH}/Podfile.lock",
				"${PODS_ROOT}/Manifest.lock",
			);
			name = "[CP] Check Pods Manifest.lock";
			outputFileListPaths = (
			);
			outputPaths = (
				"$(DERIVED_FILE_DIR)/Pods-Core-checkManifestLockResult.txt",
			);
			runOnlyForDeploymentPostprocessing = 0;
			shellPath = /bin/sh;
			shellScript = "diff \"${PODS_PODFILE_DIR_PATH}/Podfile.lock\" \"${PODS_ROOT}/Manifest.lock\" > /dev/null\nif [ $? != 0 ] ; then\n    # print error to STDERR\n    echo \"error: The sandbox is not in sync with the Podfile.lock. Run 'pod install' or update your CocoaPods installation.\" >&2\n    exit 1\nfi\n# This output is used by Xcode 'outputs' to avoid re-running this script phase.\necho \"SUCCESS\" > \"${SCRIPT_OUTPUT_FILE_0}\"\n";
			showEnvVarsInLog = 0;
		};
		FDB73B3A73A7BC0573D94131 /* [CP] Embed Pods Frameworks */ = {
			isa = PBXShellScriptBuildPhase;
			buildActionMask = 2147483647;
			files = (
			);
			inputFileListPaths = (
				"${PODS_ROOT}/Target Support Files/Pods-Core-CoreTests/Pods-Core-CoreTests-frameworks-${CONFIGURATION}-input-files.xcfilelist",
			);
			name = "[CP] Embed Pods Frameworks";
			outputFileListPaths = (
				"${PODS_ROOT}/Target Support Files/Pods-Core-CoreTests/Pods-Core-CoreTests-frameworks-${CONFIGURATION}-output-files.xcfilelist",
			);
			runOnlyForDeploymentPostprocessing = 0;
			shellPath = /bin/sh;
			shellScript = "\"${PODS_ROOT}/Target Support Files/Pods-Core-CoreTests/Pods-Core-CoreTests-frameworks.sh\"\n";
			showEnvVarsInLog = 0;
		};
/* End PBXShellScriptBuildPhase section */

/* Begin PBXSourcesBuildPhase section */
		240995042836234F004C0E16 /* Sources */ = {
			isa = PBXSourcesBuildPhase;
			buildActionMask = 2147483647;
			files = (
				2409957528363478004C0E16 /* Interactor.swift in Sources */,
				240995782836351C004C0E16 /* GetListPresenter.swift in Sources */,
				2409957C28363786004C0E16 /* Error+Extensions.swift in Sources */,
				240995732836343B004C0E16 /* UseCase.swift in Sources */,
				24099580283637D3004C0E16 /* Results+Extensions.swift in Sources */,
				24099571283633EC004C0E16 /* LocaleDataSource.swift in Sources */,
				2409957A2836374F004C0E16 /* Mapper.swift in Sources */,
				2409956F2836337C004C0E16 /* DataSource.swift in Sources */,
				2409950D2836234F004C0E16 /* Core.docc in Sources */,
				2409956D283632A5004C0E16 /* Repository.swift in Sources */,
			);
			runOnlyForDeploymentPostprocessing = 0;
		};
		2409950E2836234F004C0E16 /* Sources */ = {
			isa = PBXSourcesBuildPhase;
			buildActionMask = 2147483647;
			files = (
				240995182836234F004C0E16 /* CoreTests.swift in Sources */,
			);
			runOnlyForDeploymentPostprocessing = 0;
		};
/* End PBXSourcesBuildPhase section */

/* Begin PBXTargetDependency section */
		240995152836234F004C0E16 /* PBXTargetDependency */ = {
			isa = PBXTargetDependency;
			target = 240995072836234F004C0E16 /* Core */;
			targetProxy = 240995142836234F004C0E16 /* PBXContainerItemProxy */;
		};
/* End PBXTargetDependency section */

/* Begin XCBuildConfiguration section */
		2409951A2836234F004C0E16 /* Debug */ = {
			isa = XCBuildConfiguration;
			buildSettings = {
				ALWAYS_SEARCH_USER_PATHS = NO;
				CLANG_ANALYZER_NONNULL = YES;
				CLANG_ANALYZER_NUMBER_OBJECT_CONVERSION = YES_AGGRESSIVE;
				CLANG_CXX_LANGUAGE_STANDARD = "gnu++17";
				CLANG_ENABLE_MODULES = YES;
				CLANG_ENABLE_OBJC_ARC = YES;
				CLANG_ENABLE_OBJC_WEAK = YES;
				CLANG_WARN_BLOCK_CAPTURE_AUTORELEASING = YES;
				CLANG_WARN_BOOL_CONVERSION = YES;
				CLANG_WARN_COMMA = YES;
				CLANG_WARN_CONSTANT_CONVERSION = YES;
				CLANG_WARN_DEPRECATED_OBJC_IMPLEMENTATIONS = YES;
				CLANG_WARN_DIRECT_OBJC_ISA_USAGE = YES_ERROR;
				CLANG_WARN_DOCUMENTATION_COMMENTS = YES;
				CLANG_WARN_EMPTY_BODY = YES;
				CLANG_WARN_ENUM_CONVERSION = YES;
				CLANG_WARN_INFINITE_RECURSION = YES;
				CLANG_WARN_INT_CONVERSION = YES;
				CLANG_WARN_NON_LITERAL_NULL_CONVERSION = YES;
				CLANG_WARN_OBJC_IMPLICIT_RETAIN_SELF = YES;
				CLANG_WARN_OBJC_LITERAL_CONVERSION = YES;
				CLANG_WARN_OBJC_ROOT_CLASS = YES_ERROR;
				CLANG_WARN_QUOTED_INCLUDE_IN_FRAMEWORK_HEADER = YES;
				CLANG_WARN_RANGE_LOOP_ANALYSIS = YES;
				CLANG_WARN_STRICT_PROTOTYPES = YES;
				CLANG_WARN_SUSPICIOUS_MOVE = YES;
				CLANG_WARN_UNGUARDED_AVAILABILITY = YES_AGGRESSIVE;
				CLANG_WARN_UNREACHABLE_CODE = YES;
				CLANG_WARN__DUPLICATE_METHOD_MATCH = YES;
				COPY_PHASE_STRIP = NO;
				CURRENT_PROJECT_VERSION = 1;
				DEBUG_INFORMATION_FORMAT = dwarf;
				ENABLE_STRICT_OBJC_MSGSEND = YES;
				ENABLE_TESTABILITY = YES;
				GCC_C_LANGUAGE_STANDARD = gnu11;
				GCC_DYNAMIC_NO_PIC = NO;
				GCC_NO_COMMON_BLOCKS = YES;
				GCC_OPTIMIZATION_LEVEL = 0;
				GCC_PREPROCESSOR_DEFINITIONS = (
					"DEBUG=1",
					"$(inherited)",
				);
				GCC_WARN_64_TO_32_BIT_CONVERSION = YES;
				GCC_WARN_ABOUT_RETURN_TYPE = YES_ERROR;
				GCC_WARN_UNDECLARED_SELECTOR = YES;
				GCC_WARN_UNINITIALIZED_AUTOS = YES_AGGRESSIVE;
				GCC_WARN_UNUSED_FUNCTION = YES;
				GCC_WARN_UNUSED_VARIABLE = YES;
				IPHONEOS_DEPLOYMENT_TARGET = 15.4;
				MTL_ENABLE_DEBUG_INFO = INCLUDE_SOURCE;
				MTL_FAST_MATH = YES;
				ONLY_ACTIVE_ARCH = YES;
				SDKROOT = iphoneos;
				SWIFT_ACTIVE_COMPILATION_CONDITIONS = DEBUG;
				SWIFT_OPTIMIZATION_LEVEL = "-Onone";
				VERSIONING_SYSTEM = "apple-generic";
				VERSION_INFO_PREFIX = "";
			};
			name = Debug;
		};
		2409951B2836234F004C0E16 /* Release */ = {
			isa = XCBuildConfiguration;
			buildSettings = {
				ALWAYS_SEARCH_USER_PATHS = NO;
				CLANG_ANALYZER_NONNULL = YES;
				CLANG_ANALYZER_NUMBER_OBJECT_CONVERSION = YES_AGGRESSIVE;
				CLANG_CXX_LANGUAGE_STANDARD = "gnu++17";
				CLANG_ENABLE_MODULES = YES;
				CLANG_ENABLE_OBJC_ARC = YES;
				CLANG_ENABLE_OBJC_WEAK = YES;
				CLANG_WARN_BLOCK_CAPTURE_AUTORELEASING = YES;
				CLANG_WARN_BOOL_CONVERSION = YES;
				CLANG_WARN_COMMA = YES;
				CLANG_WARN_CONSTANT_CONVERSION = YES;
				CLANG_WARN_DEPRECATED_OBJC_IMPLEMENTATIONS = YES;
				CLANG_WARN_DIRECT_OBJC_ISA_USAGE = YES_ERROR;
				CLANG_WARN_DOCUMENTATION_COMMENTS = YES;
				CLANG_WARN_EMPTY_BODY = YES;
				CLANG_WARN_ENUM_CONVERSION = YES;
				CLANG_WARN_INFINITE_RECURSION = YES;
				CLANG_WARN_INT_CONVERSION = YES;
				CLANG_WARN_NON_LITERAL_NULL_CONVERSION = YES;
				CLANG_WARN_OBJC_IMPLICIT_RETAIN_SELF = YES;
				CLANG_WARN_OBJC_LITERAL_CONVERSION = YES;
				CLANG_WARN_OBJC_ROOT_CLASS = YES_ERROR;
				CLANG_WARN_QUOTED_INCLUDE_IN_FRAMEWORK_HEADER = YES;
				CLANG_WARN_RANGE_LOOP_ANALYSIS = YES;
				CLANG_WARN_STRICT_PROTOTYPES = YES;
				CLANG_WARN_SUSPICIOUS_MOVE = YES;
				CLANG_WARN_UNGUARDED_AVAILABILITY = YES_AGGRESSIVE;
				CLANG_WARN_UNREACHABLE_CODE = YES;
				CLANG_WARN__DUPLICATE_METHOD_MATCH = YES;
				COPY_PHASE_STRIP = NO;
				CURRENT_PROJECT_VERSION = 1;
				DEBUG_INFORMATION_FORMAT = "dwarf-with-dsym";
				ENABLE_NS_ASSERTIONS = NO;
				ENABLE_STRICT_OBJC_MSGSEND = YES;
				GCC_C_LANGUAGE_STANDARD = gnu11;
				GCC_NO_COMMON_BLOCKS = YES;
				GCC_WARN_64_TO_32_BIT_CONVERSION = YES;
				GCC_WARN_ABOUT_RETURN_TYPE = YES_ERROR;
				GCC_WARN_UNDECLARED_SELECTOR = YES;
				GCC_WARN_UNINITIALIZED_AUTOS = YES_AGGRESSIVE;
				GCC_WARN_UNUSED_FUNCTION = YES;
				GCC_WARN_UNUSED_VARIABLE = YES;
				IPHONEOS_DEPLOYMENT_TARGET = 15.4;
				MTL_ENABLE_DEBUG_INFO = NO;
				MTL_FAST_MATH = YES;
				SDKROOT = iphoneos;
				SWIFT_COMPILATION_MODE = wholemodule;
				SWIFT_OPTIMIZATION_LEVEL = "-O";
				VALIDATE_PRODUCT = YES;
				VERSIONING_SYSTEM = "apple-generic";
				VERSION_INFO_PREFIX = "";
			};
			name = Release;
		};
		2409951D2836234F004C0E16 /* Debug */ = {
			isa = XCBuildConfiguration;
			baseConfigurationReference = BF09A3F1E765D2A43DF496F7 /* Pods-Core.debug.xcconfig */;
			buildSettings = {
				CODE_SIGN_STYLE = Automatic;
				CURRENT_PROJECT_VERSION = 1;
				DEFINES_MODULE = YES;
				DYLIB_COMPATIBILITY_VERSION = 1;
				DYLIB_CURRENT_VERSION = 1;
				DYLIB_INSTALL_NAME_BASE = "@rpath";
				GENERATE_INFOPLIST_FILE = YES;
				INFOPLIST_KEY_NSHumanReadableCopyright = "";
				INSTALL_PATH = "$(LOCAL_LIBRARY_DIR)/Frameworks";
				LD_RUNPATH_SEARCH_PATHS = (
					"$(inherited)",
					"@executable_path/Frameworks",
					"@loader_path/Frameworks",
				);
				MARKETING_VERSION = 1.0.0;
				PRODUCT_BUNDLE_IDENTIFIER = id.haff.Core;
				PRODUCT_NAME = "$(TARGET_NAME:c99extidentifier)";
				SKIP_INSTALL = YES;
				SWIFT_EMIT_LOC_STRINGS = YES;
				SWIFT_VERSION = 5.0;
				TARGETED_DEVICE_FAMILY = "1,2";
			};
			name = Debug;
		};
		2409951E2836234F004C0E16 /* Release */ = {
			isa = XCBuildConfiguration;
			baseConfigurationReference = 8D7113F6C75736F893C3A3F5 /* Pods-Core.release.xcconfig */;
			buildSettings = {
				CODE_SIGN_STYLE = Automatic;
				CURRENT_PROJECT_VERSION = 1;
				DEFINES_MODULE = YES;
				DYLIB_COMPATIBILITY_VERSION = 1;
				DYLIB_CURRENT_VERSION = 1;
				DYLIB_INSTALL_NAME_BASE = "@rpath";
				GENERATE_INFOPLIST_FILE = YES;
				INFOPLIST_KEY_NSHumanReadableCopyright = "";
				INSTALL_PATH = "$(LOCAL_LIBRARY_DIR)/Frameworks";
				LD_RUNPATH_SEARCH_PATHS = (
					"$(inherited)",
					"@executable_path/Frameworks",
					"@loader_path/Frameworks",
				);
				MARKETING_VERSION = 1.0.0;
				PRODUCT_BUNDLE_IDENTIFIER = id.haff.Core;
				PRODUCT_NAME = "$(TARGET_NAME:c99extidentifier)";
				SKIP_INSTALL = YES;
				SWIFT_EMIT_LOC_STRINGS = YES;
				SWIFT_VERSION = 5.0;
				TARGETED_DEVICE_FAMILY = "1,2";
			};
			name = Release;
		};
		240995202836234F004C0E16 /* Debug */ = {
			isa = XCBuildConfiguration;
			baseConfigurationReference = B44E0CD6028695935ADB4C73 /* Pods-Core-CoreTests.debug.xcconfig */;
			buildSettings = {
				ALWAYS_EMBED_SWIFT_STANDARD_LIBRARIES = YES;
				CODE_SIGN_STYLE = Automatic;
				CURRENT_PROJECT_VERSION = 1;
				GENERATE_INFOPLIST_FILE = YES;
				MARKETING_VERSION = 1.0;
				PRODUCT_BUNDLE_IDENTIFIER = id.haff.CoreTests;
				PRODUCT_NAME = "$(TARGET_NAME)";
				SWIFT_EMIT_LOC_STRINGS = NO;
				SWIFT_VERSION = 5.0;
				TARGETED_DEVICE_FAMILY = "1,2";
			};
			name = Debug;
		};
		240995212836234F004C0E16 /* Release */ = {
			isa = XCBuildConfiguration;
			baseConfigurationReference = F1DB2F2B19E3FC219C73794B /* Pods-Core-CoreTests.release.xcconfig */;
			buildSettings = {
				ALWAYS_EMBED_SWIFT_STANDARD_LIBRARIES = YES;
				CODE_SIGN_STYLE = Automatic;
				CURRENT_PROJECT_VERSION = 1;
				GENERATE_INFOPLIST_FILE = YES;
				MARKETING_VERSION = 1.0;
				PRODUCT_BUNDLE_IDENTIFIER = id.haff.CoreTests;
				PRODUCT_NAME = "$(TARGET_NAME)";
				SWIFT_EMIT_LOC_STRINGS = NO;
				SWIFT_VERSION = 5.0;
				TARGETED_DEVICE_FAMILY = "1,2";
			};
			name = Release;
		};
/* End XCBuildConfiguration section */

/* Begin XCConfigurationList section */
		240995022836234F004C0E16 /* Build configuration list for PBXProject "Core" */ = {
			isa = XCConfigurationList;
			buildConfigurations = (
				2409951A2836234F004C0E16 /* Debug */,
				2409951B2836234F004C0E16 /* Release */,
			);
			defaultConfigurationIsVisible = 0;
			defaultConfigurationName = Release;
		};
		2409951C2836234F004C0E16 /* Build configuration list for PBXNativeTarget "Core" */ = {
			isa = XCConfigurationList;
			buildConfigurations = (
				2409951D2836234F004C0E16 /* Debug */,
				2409951E2836234F004C0E16 /* Release */,
			);
			defaultConfigurationIsVisible = 0;
			defaultConfigurationName = Release;
		};
		2409951F2836234F004C0E16 /* Build configuration list for PBXNativeTarget "CoreTests" */ = {
			isa = XCConfigurationList;
			buildConfigurations = (
				240995202836234F004C0E16 /* Debug */,
				240995212836234F004C0E16 /* Release */,
			);
			defaultConfigurationIsVisible = 0;
			defaultConfigurationName = Release;
		};
/* End XCConfigurationList section */
	};
	rootObject = 240994FF2836234F004C0E16 /* Project object */;
}
